// !$*UTF8*$!
{
	archiveVersion = 1;
	classes = {
	};
	objectVersion = 46;
	objects = {

/* Begin PBXBuildFile section */
		EA8B24BB1BC744A200CCD792 /* AppDelegate.swift in Sources */ = {isa = PBXBuildFile; fileRef = EA8B24BA1BC744A200CCD792 /* AppDelegate.swift */; };
		EA8B24BD1BC744A200CCD792 /* ViewController.swift in Sources */ = {isa = PBXBuildFile; fileRef = EA8B24BC1BC744A200CCD792 /* ViewController.swift */; };
		EA8B24C01BC744A200CCD792 /* Main.storyboard in Resources */ = {isa = PBXBuildFile; fileRef = EA8B24BE1BC744A200CCD792 /* Main.storyboard */; };
		EA8B24C21BC744A200CCD792 /* Assets.xcassets in Resources */ = {isa = PBXBuildFile; fileRef = EA8B24C11BC744A200CCD792 /* Assets.xcassets */; };
		EA8B24C51BC744A200CCD792 /* LaunchScreen.storyboard in Resources */ = {isa = PBXBuildFile; fileRef = EA8B24C31BC744A200CCD792 /* LaunchScreen.storyboard */; };
		EA8B24CD1BC744CC00CCD792 /* CirclePieView.swift in Sources */ = {isa = PBXBuildFile; fileRef = EA8B24CC1BC744CC00CCD792 /* CirclePieView.swift */; };
		EA8B24CF1BC7C4F400CCD792 /* CirclePieIndicatorView.xib in Resources */ = {isa = PBXBuildFile; fileRef = EA8B24CE1BC7C4F400CCD792 /* CirclePieIndicatorView.xib */; };
		EA8B24D11BC7C60000CCD792 /* CirclePieIndicatorView.swift in Sources */ = {isa = PBXBuildFile; fileRef = EA8B24D01BC7C60000CCD792 /* CirclePieIndicatorView.swift */; };
/* End PBXBuildFile section */

/* Begin PBXFileReference section */
		EA8B24B71BC744A200CCD792 /* CirclePieViewExample.app */ = {isa = PBXFileReference; explicitFileType = wrapper.application; includeInIndex = 0; path = CirclePieViewExample.app; sourceTree = BUILT_PRODUCTS_DIR; };
		EA8B24BA1BC744A200CCD792 /* AppDelegate.swift */ = {isa = PBXFileReference; lastKnownFileType = sourcecode.swift; path = AppDelegate.swift; sourceTree = "<group>"; };
		EA8B24BC1BC744A200CCD792 /* ViewController.swift */ = {isa = PBXFileReference; lastKnownFileType = sourcecode.swift; path = ViewController.swift; sourceTree = "<group>"; };
		EA8B24BF1BC744A200CCD792 /* Base */ = {isa = PBXFileReference; lastKnownFileType = file.storyboard; name = Base; path = Base.lproj/Main.storyboard; sourceTree = "<group>"; };
		EA8B24C11BC744A200CCD792 /* Assets.xcassets */ = {isa = PBXFileReference; lastKnownFileType = folder.assetcatalog; path = Assets.xcassets; sourceTree = "<group>"; };
		EA8B24C41BC744A200CCD792 /* Base */ = {isa = PBXFileReference; lastKnownFileType = file.storyboard; name = Base; path = Base.lproj/LaunchScreen.storyboard; sourceTree = "<group>"; };
		EA8B24C61BC744A200CCD792 /* Info.plist */ = {isa = PBXFileReference; lastKnownFileType = text.plist.xml; path = Info.plist; sourceTree = "<group>"; };
		EA8B24CC1BC744CC00CCD792 /* CirclePieView.swift */ = {isa = PBXFileReference; fileEncoding = 4; lastKnownFileType = sourcecode.swift; path = CirclePieView.swift; sourceTree = "<group>"; };
		EA8B24CE1BC7C4F400CCD792 /* CirclePieIndicatorView.xib */ = {isa = PBXFileReference; fileEncoding = 4; lastKnownFileType = file.xib; path = CirclePieIndicatorView.xib; sourceTree = "<group>"; };
		EA8B24D01BC7C60000CCD792 /* CirclePieIndicatorView.swift */ = {isa = PBXFileReference; fileEncoding = 4; lastKnownFileType = sourcecode.swift; path = CirclePieIndicatorView.swift; sourceTree = "<group>"; };
/* End PBXFileReference section */

/* Begin PBXFrameworksBuildPhase section */
		EA8B24B41BC744A200CCD792 /* Frameworks */ = {
			isa = PBXFrameworksBuildPhase;
			buildActionMask = 2147483647;
			files = (
			);
			runOnlyForDeploymentPostprocessing = 0;
		};
/* End PBXFrameworksBuildPhase section */

/* Begin PBXGroup section */
		EA8B24AE1BC744A200CCD792 = {
			isa = PBXGroup;
			children = (
				EA8B24B91BC744A200CCD792 /* CirclePieViewExample */,
				EA8B24B81BC744A200CCD792 /* Products */,
			);
			sourceTree = "<group>";
		};
		EA8B24B81BC744A200CCD792 /* Products */ = {
			isa = PBXGroup;
			children = (
				EA8B24B71BC744A200CCD792 /* CirclePieViewExample.app */,
			);
			name = Products;
			sourceTree = "<group>";
		};
		EA8B24B91BC744A200CCD792 /* CirclePieViewExample */ = {
			isa = PBXGroup;
			children = (
				EA8B24BA1BC744A200CCD792 /* AppDelegate.swift */,
				EA8B24BC1BC744A200CCD792 /* ViewController.swift */,
				EA8B24BE1BC744A200CCD792 /* Main.storyboard */,
				EA8B24C11BC744A200CCD792 /* Assets.xcassets */,
				EA8B24C31BC744A200CCD792 /* LaunchScreen.storyboard */,
				EA8B24C61BC744A200CCD792 /* Info.plist */,
				EA8B24CC1BC744CC00CCD792 /* CirclePieView.swift */,
				EA8B24CE1BC7C4F400CCD792 /* CirclePieIndicatorView.xib */,
				EA8B24D01BC7C60000CCD792 /* CirclePieIndicatorView.swift */,
			);
			path = CirclePieViewExample;
			sourceTree = "<group>";
		};
/* End PBXGroup section */

/* Begin PBXNativeTarget section */
		EA8B24B61BC744A200CCD792 /* CirclePieViewExample */ = {
			isa = PBXNativeTarget;
			buildConfigurationList = EA8B24C91BC744A200CCD792 /* Build configuration list for PBXNativeTarget "CirclePieViewExample" */;
			buildPhases = (
				EA8B24B31BC744A200CCD792 /* Sources */,
				EA8B24B41BC744A200CCD792 /* Frameworks */,
				EA8B24B51BC744A200CCD792 /* Resources */,
			);
			buildRules = (
			);
			dependencies = (
			);
			name = CirclePieViewExample;
			productName = CirclePieViewExample;
			productReference = EA8B24B71BC744A200CCD792 /* CirclePieViewExample.app */;
			productType = "com.apple.product-type.application";
		};
/* End PBXNativeTarget section */

/* Begin PBXProject section */
		EA8B24AF1BC744A200CCD792 /* Project object */ = {
			isa = PBXProject;
			attributes = {
				LastUpgradeCheck = 1010;
				ORGANIZATIONNAME = "Mark Jackson";
				TargetAttributes = {
					EA8B24B61BC744A200CCD792 = {
						CreatedOnToolsVersion = 7.0;
						DevelopmentTeam = 6FSF2DC5JT;
					};
				};
			};
			buildConfigurationList = EA8B24B21BC744A200CCD792 /* Build configuration list for PBXProject "CirclePieViewExample" */;
			compatibilityVersion = "Xcode 3.2";
			developmentRegion = English;
			hasScannedForEncodings = 0;
			knownRegions = (
				en,
				Base,
			);
			mainGroup = EA8B24AE1BC744A200CCD792;
			productRefGroup = EA8B24B81BC744A200CCD792 /* Products */;
			projectDirPath = "";
			projectRoot = "";
			targets = (
				EA8B24B61BC744A200CCD792 /* CirclePieViewExample */,
			);
		};
/* End PBXProject section */

/* Begin PBXResourcesBuildPhase section */
		EA8B24B51BC744A200CCD792 /* Resources */ = {
			isa = PBXResourcesBuildPhase;
			buildActionMask = 2147483647;
			files = (
				EA8B24C51BC744A200CCD792 /* LaunchScreen.storyboard in Resources */,
				EA8B24CF1BC7C4F400CCD792 /* CirclePieIndicatorView.xib in Resources */,
				EA8B24C21BC744A200CCD792 /* Assets.xcassets in Resources */,
				EA8B24C01BC744A200CCD792 /* Main.storyboard in Resources */,
			);
			runOnlyForDeploymentPostprocessing = 0;
		};
/* End PBXResourcesBuildPhase section */

/* Begin PBXSourcesBuildPhase section */
		EA8B24B31BC744A200CCD792 /* Sources */ = {
			isa = PBXSourcesBuildPhase;
			buildActionMask = 2147483647;
			files = (
				EA8B24BD1BC744A200CCD792 /* ViewController.swift in Sources */,
				EA8B24BB1BC744A200CCD792 /* AppDelegate.swift in Sources */,
				EA8B24CD1BC744CC00CCD792 /* CirclePieView.swift in Sources */,
				EA8B24D11BC7C60000CCD792 /* CirclePieIndicatorView.swift in Sources */,
			);
			runOnlyForDeploymentPostprocessing = 0;
		};
/* End PBXSourcesBuildPhase section */

/* Begin PBXVariantGroup section */
		EA8B24BE1BC744A200CCD792 /* Main.storyboard */ = {
			isa = PBXVariantGroup;
			children = (
				EA8B24BF1BC744A200CCD792 /* Base */,
			);
			name = Main.storyboard;
			sourceTree = "<group>";
		};
		EA8B24C31BC744A200CCD792 /* LaunchScreen.storyboard */ = {
			isa = PBXVariantGroup;
			children = (
				EA8B24C41BC744A200CCD792 /* Base */,
			);
			name = LaunchScreen.storyboard;
			sourceTree = "<group>";
		};
/* End PBXVariantGroup section */

/* Begin XCBuildConfiguration section */
		EA8B24C71BC744A200CCD792 /* Debug */ = {
			isa = XCBuildConfiguration;
			buildSettings = {
				ALWAYS_SEARCH_USER_PATHS = NO;
				CLANG_CXX_LANGUAGE_STANDARD = "gnu++0x";
				CLANG_CXX_LIBRARY = "libc++";
				CLANG_ENABLE_MODULES = YES;
				CLANG_ENABLE_OBJC_ARC = YES;
				CLANG_WARN_BLOCK_CAPTURE_AUTORELEASING = YES;
				CLANG_WARN_BOOL_CONVERSION = YES;
				CLANG_WARN_COMMA = YES;
				CLANG_WARN_CONSTANT_CONVERSION = YES;
				CLANG_WARN_DEPRECATED_OBJC_IMPLEMENTATIONS = YES;
				CLANG_WARN_DIRECT_OBJC_ISA_USAGE = YES_ERROR;
				CLANG_WARN_EMPTY_BODY = YES;
				CLANG_WARN_ENUM_CONVERSION = YES;
				CLANG_WARN_INFINITE_RECURSION = YES;
				CLANG_WARN_INT_CONVERSION = YES;
				CLANG_WARN_NON_LITERAL_NULL_CONVERSION = YES;
				CLANG_WARN_OBJC_IMPLICIT_RETAIN_SELF = YES;
				CLANG_WARN_OBJC_LITERAL_CONVERSION = YES;
				CLANG_WARN_OBJC_ROOT_CLASS = YES_ERROR;
				CLANG_WARN_RANGE_LOOP_ANALYSIS = YES;
				CLANG_WARN_STRICT_PROTOTYPES = YES;
				CLANG_WARN_SUSPICIOUS_MOVE = YES;
				CLANG_WARN_UNREACHABLE_CODE = YES;
				CLANG_WARN__DUPLICATE_METHOD_MATCH = YES;
				"CODE_SIGN_IDENTITY[sdk=iphoneos*]" = "iPhone Developer";
				COPY_PHASE_STRIP = NO;
				DEBUG_INFORMATION_FORMAT = dwarf;
				ENABLE_STRICT_OBJC_MSGSEND = YES;
				ENABLE_TESTABILITY = YES;
				GCC_C_LANGUAGE_STANDARD = gnu99;
				GCC_DYNAMIC_NO_PIC = NO;
				GCC_NO_COMMON_BLOCKS = YES;
				GCC_OPTIMIZATION_LEVEL = 0;
				GCC_PREPROCESSOR_DEFINITIONS = (
					"DEBUG=1",
					"$(inherited)",
				);
				GCC_WARN_64_TO_32_BIT_CONVERSION = YES;
				GCC_WARN_ABOUT_RETURN_TYPE = YES_ERROR;
				GCC_WARN_UNDECLARED_SELECTOR = YES;
				GCC_WARN_UNINITIALIZED_AUTOS = YES_AGGRESSIVE;
				GCC_WARN_UNUSED_FUNCTION = YES;
				GCC_WARN_UNUSED_VARIABLE = YES;
				IPHONEOS_DEPLOYMENT_TARGET = 12.0;
				MTL_ENABLE_DEBUG_INFO = YES;
				ONLY_ACTIVE_ARCH = YES;
				SDKROOT = iphoneos;
				SWIFT_OPTIMIZATION_LEVEL = "-Onone";
				SWIFT_VERSION = 4.2;
			};
			name = Debug;
		};
		EA8B24C81BC744A200CCD792 /* Release */ = {
			isa = XCBuildConfiguration;
			buildSettings = {
				ALWAYS_SEARCH_USER_PATHS = NO;
				CLANG_CXX_LANGUAGE_STANDARD = "gnu++0x";
				CLANG_CXX_LIBRARY = "libc++";
				CLANG_ENABLE_MODULES = YES;
				CLANG_ENABLE_OBJC_ARC = YES;
				CLANG_WARN_BLOCK_CAPTURE_AUTORELEASING = YES;
				CLANG_WARN_BOOL_CONVERSION = YES;
				CLANG_WARN_COMMA = YES;
				CLANG_WARN_CONSTANT_CONVERSION = YES;
				CLANG_WARN_DEPRECATED_OBJC_IMPLEMENTATIONS = YES;
				CLANG_WARN_DIRECT_OBJC_ISA_USAGE = YES_ERROR;
				CLANG_WARN_EMPTY_BODY = YES;
				CLANG_WARN_ENUM_CONVERSION = YES;
				CLANG_WARN_INFINITE_RECURSION = YES;
				CLANG_WARN_INT_CONVERSION = YES;
				CLANG_WARN_NON_LITERAL_NULL_CONVERSION = YES;
				CLANG_WARN_OBJC_IMPLICIT_RETAIN_SELF = YES;
				CLANG_WARN_OBJC_LITERAL_CONVERSION = YES;
				CLANG_WARN_OBJC_ROOT_CLASS = YES_ERROR;
				CLANG_WARN_RANGE_LOOP_ANALYSIS = YES;
				CLANG_WARN_STRICT_PROTOTYPES = YES;
				CLANG_WARN_SUSPICIOUS_MOVE = YES;
				CLANG_WARN_UNREACHABLE_CODE = YES;
				CLANG_WARN__DUPLICATE_METHOD_MATCH = YES;
				"CODE_SIGN_IDENTITY[sdk=iphoneos*]" = "iPhone Developer";
				COPY_PHASE_STRIP = NO;
				DEBUG_INFORMATION_FORMAT = "dwarf-with-dsym";
				ENABLE_NS_ASSERTIONS = NO;
				ENABLE_STRICT_OBJC_MSGSEND = YES;
				GCC_C_LANGUAGE_STANDARD = gnu99;
				GCC_NO_COMMON_BLOCKS = YES;
				GCC_WARN_64_TO_32_BIT_CONVERSION = YES;
				GCC_WARN_ABOUT_RETURN_TYPE = YES_ERROR;
				GCC_WARN_UNDECLARED_SELECTOR = YES;
				GCC_WARN_UNINITIALIZED_AUTOS = YES_AGGRESSIVE;
				GCC_WARN_UNUSED_FUNCTION = YES;
				GCC_WARN_UNUSED_VARIABLE = YES;
				IPHONEOS_DEPLOYMENT_TARGET = 12.0;
				MTL_ENABLE_DEBUG_INFO = NO;
				SDKROOT = iphoneos;
				SWIFT_COMPILATION_MODE = wholemodule;
				SWIFT_VERSION = 4.2;
				VALIDATE_PRODUCT = YES;
			};
			name = Release;
		};
		EA8B24CA1BC744A200CCD792 /* Debug */ = {
			isa = XCBuildConfiguration;
			buildSettings = {
				ASSETCATALOG_COMPILER_APPICON_NAME = AppIcon;
				INFOPLIST_FILE = CirclePieViewExample/Info.plist;
				LD_RUNPATH_SEARCH_PATHS = "$(inherited) @executable_path/Frameworks";
				PRODUCT_BUNDLE_IDENTIFIER = jacks205.CirclePieViewExample;
				PRODUCT_NAME = "$(TARGET_NAME)";
			};
			name = Debug;
		};
		EA8B24CB1BC744A200CCD792 /* Release */ = {
			isa = XCBuildConfiguration;
			buildSettings = {
				ASSETCATALOG_COMPILER_APPICON_NAME = AppIcon;
				INFOPLIST_FILE = CirclePieViewExample/Info.plist;
				LD_RUNPATH_SEARCH_PATHS = "$(inherited) @executable_path/Frameworks";
				PRODUCT_BUNDLE_IDENTIFIER = jacks205.CirclePieViewExample;
				PRODUCT_NAME = "$(TARGET_NAME)";
			};
			name = Release;
		};
/* End XCBuildConfiguration section */

/* Begin XCConfigurationList section */
		EA8B24B21BC744A200CCD792 /* Build configuration list for PBXProject "CirclePieViewExample" */ = {
			isa = XCConfigurationList;
			buildConfigurations = (
				EA8B24C71BC744A200CCD792 /* Debug */,
				EA8B24C81BC744A200CCD792 /* Release */,
			);
			defaultConfigurationIsVisible = 0;
			defaultConfigurationName = Release;
		};
		EA8B24C91BC744A200CCD792 /* Build configuration list for PBXNativeTarget "CirclePieViewExample" */ = {
			isa = XCConfigurationList;
			buildConfigurations = (
				EA8B24CA1BC744A200CCD792 /* Debug */,
				EA8B24CB1BC744A200CCD792 /* Release */,
			);
			defaultConfigurationIsVisible = 0;
			defaultConfigurationName = Release;
		};
/* End XCConfigurationList section */
	};
	rootObject = EA8B24AF1BC744A200CCD792 /* Project object */;
}
